
Microsoft Visual Studio Solution File, Format Version 12.00
# Visual Studio 15
VisualStudioVersion = 15.0.26430.14
MinimumVisualStudioVersion = 10.0.40219.1
Project("{FAE04EC0-301F-11D3-BF4B-00C04F79EFBC}") = "Skywolf.MarketDataService", "Skywolf.MarketDataService\Skywolf.MarketDataService.csproj", "{AA5BD1CA-D9C6-4CE9-8E26-D0BFAD33B6E1}"
EndProject
Project("{FAE04EC0-301F-11D3-BF4B-00C04F79EFBC}") = "Skywolf.ServiceDynHost", "Skywolf.ServicceDynHost\Skywolf.ServiceDynHost.csproj", "{61C972ED-CBA8-460E-AFE4-96C1F52FE55E}"
EndProject
Project("{FAE04EC0-301F-11D3-BF4B-00C04F79EFBC}") = "Skywolf.Model", "Skywolf.Model\Skywolf.Model.csproj", "{EFAA60DC-DBEE-4297-A4C6-75AD8DC65262}"
EndProject
Project("{FAE04EC0-301F-11D3-BF4B-00C04F79EFBC}") = "Skywolf.Utility", "Skywolf.Utility\Skywolf.Utility.csproj", "{8A555816-5440-471D-A341-0511FB1B6CEF}"
EndProject
Project("{FAE04EC0-301F-11D3-BF4B-00C04F79EFBC}") = "Skywolf.Client", "Skywolf.Client\Skywolf.Client.csproj", "{17FB9E0C-FBD1-4AC0-95B8-908BF6381824}"
EndProject
Project("{FAE04EC0-301F-11D3-BF4B-00C04F79EFBC}") = "Skywolf.CommandLineHost", "Skywolf.CommandLineHost\Skywolf.CommandLineHost.csproj", "{168F7E9F-84CD-4F3E-A626-859A2E460651}"
EndProject
Project("{FAE04EC0-301F-11D3-BF4B-00C04F79EFBC}") = "Skywolf.MarketDataGrabber", "Skywolf.MarketDataGrabber\Skywolf.MarketDataGrabber.csproj", "{45B62BA2-F048-4296-8212-EA281227171B}"
EndProject
Project("{FAE04EC0-301F-11D3-BF4B-00C04F79EFBC}") = "Skywolf.DatabaseRepository", "Skywolf.DatabaseRepository\Skywolf.DatabaseRepository.csproj", "{F8D28071-4042-484A-8F20-DD6BBBA68E08}"
EndProject
Project("{2150E333-8FDC-42A3-9474-1A3956D46DE8}") = "UnitTests", "UnitTests", "{14B74075-F2CA-43E8-AA10-EC81AE05F2CF}"
EndProject
Project("{FAE04EC0-301F-11D3-BF4B-00C04F79EFBC}") = "MarketDataGrabberTest", "UnitTests\MarketDataGrabberTest\MarketDataGrabberTest.csproj", "{E1A31A10-B9AE-4219-AC65-AD61DF2E8D86}"
EndProject
Project("{FAE04EC0-301F-11D3-BF4B-00C04F79EFBC}") = "Skywolf.IBAPI", "Skywolf.IBAPI\Skywolf.IBAPI.csproj", "{5BCE5453-8A61-4337-A0F9-80BE6F7CF609}"
EndProject
Project("{FAE04EC0-301F-11D3-BF4B-00C04F79EFBC}") = "Skywolf.TradingService", "Skywolf.TradingService\Skywolf.TradingService.csproj", "{8EDE0EA6-6421-43E5-BE66-FD9C9E31A527}"
EndProject
Project("{FAE04EC0-301F-11D3-BF4B-00C04F79EFBC}") = "TradingTest", "UnitTests\TradingTest\TradingTest.csproj", "{467602A0-D834-41F0-B8C9-9A6953ABDD92}"
EndProject
Global
	GlobalSection(SolutionConfigurationPlatforms) = preSolution
		Debug|Any CPU = Debug|Any CPU
		Release|Any CPU = Release|Any CPU
	EndGlobalSection
	GlobalSection(ProjectConfigurationPlatforms) = postSolution
		{AA5BD1CA-D9C6-4CE9-8E26-D0BFAD33B6E1}.Debug|Any CPU.ActiveCfg = Debug|Any CPU
		{AA5BD1CA-D9C6-4CE9-8E26-D0BFAD33B6E1}.Debug|Any CPU.Build.0 = Debug|Any CPU
		{AA5BD1CA-D9C6-4CE9-8E26-D0BFAD33B6E1}.Release|Any CPU.ActiveCfg = Release|Any CPU
		{AA5BD1CA-D9C6-4CE9-8E26-D0BFAD33B6E1}.Release|Any CPU.Build.0 = Release|Any CPU
		{61C972ED-CBA8-460E-AFE4-96C1F52FE55E}.Debug|Any CPU.ActiveCfg = Debug|Any CPU
		{61C972ED-CBA8-460E-AFE4-96C1F52FE55E}.Debug|Any CPU.Build.0 = Debug|Any CPU
		{61C972ED-CBA8-460E-AFE4-96C1F52FE55E}.Release|Any CPU.ActiveCfg = Release|Any CPU
		{61C972ED-CBA8-460E-AFE4-96C1F52FE55E}.Release|Any CPU.Build.0 = Release|Any CPU
		{EFAA60DC-DBEE-4297-A4C6-75AD8DC65262}.Debug|Any CPU.ActiveCfg = Debug|Any CPU
		{EFAA60DC-DBEE-4297-A4C6-75AD8DC65262}.Debug|Any CPU.Build.0 = Debug|Any CPU
		{EFAA60DC-DBEE-4297-A4C6-75AD8DC65262}.Release|Any CPU.ActiveCfg = Release|Any CPU
		{EFAA60DC-DBEE-4297-A4C6-75AD8DC65262}.Release|Any CPU.Build.0 = Release|Any CPU
		{8A555816-5440-471D-A341-0511FB1B6CEF}.Debug|Any CPU.ActiveCfg = Debug|Any CPU
		{8A555816-5440-471D-A341-0511FB1B6CEF}.Debug|Any CPU.Build.0 = Debug|Any CPU
		{8A555816-5440-471D-A341-0511FB1B6CEF}.Release|Any CPU.ActiveCfg = Release|Any CPU
		{8A555816-5440-471D-A341-0511FB1B6CEF}.Release|Any CPU.Build.0 = Release|Any CPU
		{17FB9E0C-FBD1-4AC0-95B8-908BF6381824}.Debug|Any CPU.ActiveCfg = Debug|Any CPU
		{17FB9E0C-FBD1-4AC0-95B8-908BF6381824}.Debug|Any CPU.Build.0 = Debug|Any CPU
		{17FB9E0C-FBD1-4AC0-95B8-908BF6381824}.Release|Any CPU.ActiveCfg = Release|Any CPU
		{17FB9E0C-FBD1-4AC0-95B8-908BF6381824}.Release|Any CPU.Build.0 = Release|Any CPU
		{168F7E9F-84CD-4F3E-A626-859A2E460651}.Debug|Any CPU.ActiveCfg = Debug|Any CPU
		{168F7E9F-84CD-4F3E-A626-859A2E460651}.Debug|Any CPU.Build.0 = Debug|Any CPU
		{168F7E9F-84CD-4F3E-A626-859A2E460651}.Release|Any CPU.ActiveCfg = Release|Any CPU
		{168F7E9F-84CD-4F3E-A626-859A2E460651}.Release|Any CPU.Build.0 = Release|Any CPU
		{45B62BA2-F048-4296-8212-EA281227171B}.Debug|Any CPU.ActiveCfg = Debug|Any CPU
		{45B62BA2-F048-4296-8212-EA281227171B}.Debug|Any CPU.Build.0 = Debug|Any CPU
		{45B62BA2-F048-4296-8212-EA281227171B}.Release|Any CPU.ActiveCfg = Release|Any CPU
		{45B62BA2-F048-4296-8212-EA281227171B}.Release|Any CPU.Build.0 = Release|Any CPU
		{F8D28071-4042-484A-8F20-DD6BBBA68E08}.Debug|Any CPU.ActiveCfg = Debug|Any CPU
		{F8D28071-4042-484A-8F20-DD6BBBA68E08}.Debug|Any CPU.Build.0 = Debug|Any CPU
		{F8D28071-4042-484A-8F20-DD6BBBA68E08}.Release|Any CPU.ActiveCfg = Release|Any CPU
		{F8D28071-4042-484A-8F20-DD6BBBA68E08}.Release|Any CPU.Build.0 = Release|Any CPU
		{E1A31A10-B9AE-4219-AC65-AD61DF2E8D86}.Debug|Any CPU.ActiveCfg = Debug|Any CPU
		{E1A31A10-B9AE-4219-AC65-AD61DF2E8D86}.Debug|Any CPU.Build.0 = Debug|Any CPU
		{E1A31A10-B9AE-4219-AC65-AD61DF2E8D86}.Release|Any CPU.ActiveCfg = Release|Any CPU
		{E1A31A10-B9AE-4219-AC65-AD61DF2E8D86}.Release|Any CPU.Build.0 = Release|Any CPU
		{5BCE5453-8A61-4337-A0F9-80BE6F7CF609}.Debug|Any CPU.ActiveCfg = Debug|Any CPU
		{5BCE5453-8A61-4337-A0F9-80BE6F7CF609}.Debug|Any CPU.Build.0 = Debug|Any CPU
		{5BCE5453-8A61-4337-A0F9-80BE6F7CF609}.Release|Any CPU.ActiveCfg = Release|Any CPU
		{5BCE5453-8A61-4337-A0F9-80BE6F7CF609}.Release|Any CPU.Build.0 = Release|Any CPU
		{8EDE0EA6-6421-43E5-BE66-FD9C9E31A527}.Debug|Any CPU.ActiveCfg = Debug|Any CPU
		{8EDE0EA6-6421-43E5-BE66-FD9C9E31A527}.Debug|Any CPU.Build.0 = Debug|Any CPU
		{8EDE0EA6-6421-43E5-BE66-FD9C9E31A527}.Release|Any CPU.ActiveCfg = Release|Any CPU
		{8EDE0EA6-6421-43E5-BE66-FD9C9E31A527}.Release|Any CPU.Build.0 = Release|Any CPU
		{467602A0-D834-41F0-B8C9-9A6953ABDD92}.Debug|Any CPU.ActiveCfg = Debug|Any CPU
		{467602A0-D834-41F0-B8C9-9A6953ABDD92}.Debug|Any CPU.Build.0 = Debug|Any CPU
		{467602A0-D834-41F0-B8C9-9A6953ABDD92}.Release|Any CPU.ActiveCfg = Release|Any CPU
		{467602A0-D834-41F0-B8C9-9A6953ABDD92}.Release|Any CPU.Build.0 = Release|Any CPU
	EndGlobalSection
	GlobalSection(SolutionProperties) = preSolution
		HideSolutionNode = FALSE
	EndGlobalSection
	GlobalSection(NestedProjects) = preSolution
		{E1A31A10-B9AE-4219-AC65-AD61DF2E8D86} = {14B74075-F2CA-43E8-AA10-EC81AE05F2CF}
		{467602A0-D834-41F0-B8C9-9A6953ABDD92} = {14B74075-F2CA-43E8-AA10-EC81AE05F2CF}
	EndGlobalSection
EndGlobal
