
Microsoft Visual Studio Solution File, Format Version 11.00
# Visual Studio 2010
Project("{FAE04EC0-301F-11D3-BF4B-00C04F79EFBC}") = "InteractiveProcessFromService", "InteractiveProcessFromService\InteractiveProcessFromService.csproj", "{6C8A134F-E0E8-4F5D-8DC5-57313CEC1E3A}"
EndProject
Global
	GlobalSection(SolutionConfigurationPlatforms) = preSolution
		Debug|Any CPU = Debug|Any CPU
		Release|Any CPU = Release|Any CPU
	EndGlobalSection
	GlobalSection(ProjectConfigurationPlatforms) = postSolution
		{6C8A134F-E0E8-4F5D-8DC5-57313CEC1E3A}.Debug|Any CPU.ActiveCfg = Debug|Any CPU
		{6C8A134F-E0E8-4F5D-8DC5-57313CEC1E3A}.Debug|Any CPU.Build.0 = Debug|Any CPU
		{6C8A134F-E0E8-4F5D-8DC5-57313CEC1E3A}.Release|Any CPU.ActiveCfg = Release|Any CPU
		{6C8A134F-E0E8-4F5D-8DC5-57313CEC1E3A}.Release|Any CPU.Build.0 = Release|Any CPU
	EndGlobalSection
	GlobalSection(SolutionProperties) = preSolution
		HideSolutionNode = FALSE
	EndGlobalSection
EndGlobal
